
Microsoft Visual Studio Solution File, Format Version 12.00
# Visual Studio Version 17
VisualStudioVersion = 17.4.33015.44
MinimumVisualStudioVersion = 10.0.40219.1
Project("{FAE04EC0-301F-11D3-BF4B-00C04F79EFBC}") = "WebApi_Framework48_EF6", "WebApi_Framework48_EF6\WebApi_Framework48_EF6.csproj", "{479DFFF8-48B8-419B-9231-6454A6E822A5}"
EndProject
Project("{FAE04EC0-301F-11D3-BF4B-00C04F79EFBC}") = "Model", "Model\Model.csproj", "{D93BC950-75F5-461C-900D-DE4E49CF1853}"
EndProject
Project("{FAE04EC0-301F-11D3-BF4B-00C04F79EFBC}") = "WebApi_Net7_EF6", "WebApi_Net7_EF6\WebApi_Net7_EF6.csproj", "{F95D9140-F05C-4AC5-94AF-BD0FD386E477}"
EndProject
Project("{FAE04EC0-301F-11D3-BF4B-00C04F79EFBC}") = "WebApi_Net7_EF7", "WebApi_Net7_EF7\WebApi_Net7_EF7.csproj", "{A8D025DB-7306-4991-918A-62770688ADB1}"
EndProject
Project("{FAE04EC0-301F-11D3-BF4B-00C04F79EFBC}") = "WebApi_Net7_EF7_DI", "WebApi_Net7_EF7_DI\WebApi_Net7_EF7_DI.csproj", "{B01CF8A6-DA3F-439C-ABE1-3F1716D2EF09}"
EndProject
Project("{FAE04EC0-301F-11D3-BF4B-00C04F79EFBC}") = "WebApi_Net7_EF7_Minimal", "WebApi_Net7_EF7_Minimal\WebApi_Net7_EF7_Minimal.csproj", "{5894867D-83AA-434C-8B99-BD6A04869ED2}"
EndProject
Project("{FAE04EC0-301F-11D3-BF4B-00C04F79EFBC}") = "WebApi_Net7_EF7_DI_Bulk", "WebApi_Net7_EF7_DI_Bulk\WebApi_Net7_EF7_DI_Bulk.csproj", "{24E023B1-DCF7-4939-98B4-19826D161B7D}"
EndProject
Global
	GlobalSection(SolutionConfigurationPlatforms) = preSolution
		Debug|Any CPU = Debug|Any CPU
		Release|Any CPU = Release|Any CPU
	EndGlobalSection
	GlobalSection(ProjectConfigurationPlatforms) = postSolution
		{479DFFF8-48B8-419B-9231-6454A6E822A5}.Debug|Any CPU.ActiveCfg = Debug|Any CPU
		{479DFFF8-48B8-419B-9231-6454A6E822A5}.Debug|Any CPU.Build.0 = Debug|Any CPU
		{479DFFF8-48B8-419B-9231-6454A6E822A5}.Release|Any CPU.ActiveCfg = Release|Any CPU
		{479DFFF8-48B8-419B-9231-6454A6E822A5}.Release|Any CPU.Build.0 = Release|Any CPU
		{D93BC950-75F5-461C-900D-DE4E49CF1853}.Debug|Any CPU.ActiveCfg = Debug|Any CPU
		{D93BC950-75F5-461C-900D-DE4E49CF1853}.Debug|Any CPU.Build.0 = Debug|Any CPU
		{D93BC950-75F5-461C-900D-DE4E49CF1853}.Release|Any CPU.ActiveCfg = Release|Any CPU
		{D93BC950-75F5-461C-900D-DE4E49CF1853}.Release|Any CPU.Build.0 = Release|Any CPU
		{F95D9140-F05C-4AC5-94AF-BD0FD386E477}.Debug|Any CPU.ActiveCfg = Debug|Any CPU
		{F95D9140-F05C-4AC5-94AF-BD0FD386E477}.Debug|Any CPU.Build.0 = Debug|Any CPU
		{F95D9140-F05C-4AC5-94AF-BD0FD386E477}.Release|Any CPU.ActiveCfg = Release|Any CPU
		{F95D9140-F05C-4AC5-94AF-BD0FD386E477}.Release|Any CPU.Build.0 = Release|Any CPU
		{A8D025DB-7306-4991-918A-62770688ADB1}.Debug|Any CPU.ActiveCfg = Debug|Any CPU
		{A8D025DB-7306-4991-918A-62770688ADB1}.Debug|Any CPU.Build.0 = Debug|Any CPU
		{A8D025DB-7306-4991-918A-62770688ADB1}.Release|Any CPU.ActiveCfg = Release|Any CPU
		{A8D025DB-7306-4991-918A-62770688ADB1}.Release|Any CPU.Build.0 = Release|Any CPU
		{B01CF8A6-DA3F-439C-ABE1-3F1716D2EF09}.Debug|Any CPU.ActiveCfg = Debug|Any CPU
		{B01CF8A6-DA3F-439C-ABE1-3F1716D2EF09}.Debug|Any CPU.Build.0 = Debug|Any CPU
		{B01CF8A6-DA3F-439C-ABE1-3F1716D2EF09}.Release|Any CPU.ActiveCfg = Release|Any CPU
		{B01CF8A6-DA3F-439C-ABE1-3F1716D2EF09}.Release|Any CPU.Build.0 = Release|Any CPU
		{5894867D-83AA-434C-8B99-BD6A04869ED2}.Debug|Any CPU.ActiveCfg = Debug|Any CPU
		{5894867D-83AA-434C-8B99-BD6A04869ED2}.Debug|Any CPU.Build.0 = Debug|Any CPU
		{5894867D-83AA-434C-8B99-BD6A04869ED2}.Release|Any CPU.ActiveCfg = Release|Any CPU
		{5894867D-83AA-434C-8B99-BD6A04869ED2}.Release|Any CPU.Build.0 = Release|Any CPU
		{24E023B1-DCF7-4939-98B4-19826D161B7D}.Debug|Any CPU.ActiveCfg = Debug|Any CPU
		{24E023B1-DCF7-4939-98B4-19826D161B7D}.Debug|Any CPU.Build.0 = Debug|Any CPU
		{24E023B1-DCF7-4939-98B4-19826D161B7D}.Release|Any CPU.ActiveCfg = Release|Any CPU
		{24E023B1-DCF7-4939-98B4-19826D161B7D}.Release|Any CPU.Build.0 = Release|Any CPU
	EndGlobalSection
	GlobalSection(SolutionProperties) = preSolution
		HideSolutionNode = FALSE
	EndGlobalSection
	GlobalSection(ExtensibilityGlobals) = postSolution
		SolutionGuid = {5B4E0DBC-819C-4216-AE41-7D91E27A9B78}
	EndGlobalSection
EndGlobal
